
Microsoft Visual Studio Solution File, Format Version 12.00
# Visual Studio 15
VisualStudioVersion = 15.0.27703.2000
MinimumVisualStudioVersion = 10.0.40219.1
Project("{FAE04EC0-301F-11D3-BF4B-00C04F79EFBC}") = "MenuTest", "MenuTest\MenuTest.csproj", "{E4A95A4E-4083-481A-BA68-2BBA6C97E903}"
EndProject
Global
	GlobalSection(SolutionConfigurationPlatforms) = preSolution
		Debug|Any CPU = Debug|Any CPU
		Release|Any CPU = Release|Any CPU
	EndGlobalSection
	GlobalSection(ProjectConfigurationPlatforms) = postSolution
		{E4A95A4E-4083-481A-BA68-2BBA6C97E903}.Debug|Any CPU.ActiveCfg = Debug|Any CPU
		{E4A95A4E-4083-481A-BA68-2BBA6C97E903}.Debug|Any CPU.Build.0 = Debug|Any CPU
		{E4A95A4E-4083-481A-BA68-2BBA6C97E903}.Release|Any CPU.ActiveCfg = Release|Any CPU
		{E4A95A4E-4083-481A-BA68-2BBA6C97E903}.Release|Any CPU.Build.0 = Release|Any CPU
	EndGlobalSection
	GlobalSection(SolutionProperties) = preSolution
		HideSolutionNode = FALSE
	EndGlobalSection
	GlobalSection(ExtensibilityGlobals) = postSolution
		SolutionGuid = {85FEB606-3479-4707-AFE7-D921BFF02BAE}
	EndGlobalSection
EndGlobal
